
Microsoft Visual Studio Solution File, Format Version 12.00
# Visual Studio Version 17
VisualStudioVersion = 17.13.35931.197
MinimumVisualStudioVersion = 10.0.40219.1
Project("{8BC9CEB8-8B4A-11D0-8D11-00A0C91BC942}") = "exercise-1-debug", "exercise-1-debug\exercise-1-debug.vcxproj", "{009BC25C-E585-4BD6-A156-9D6B40BADFBF}"
EndProject
Project("{8BC9CEB8-8B4A-11D0-8D11-00A0C91BC942}") = "exercise-2", "exercise-2\exercise-2.vcxproj", "{54CB2061-F0FD-46F9-B254-25A69F18B6AD}"
EndProject
Project("{8BC9CEB8-8B4A-11D0-8D11-00A0C91BC942}") = "exercise-2.1", "exercise-2.1\exercise-2.1.vcxproj", "{41E59C4F-76D3-48A2-B7FD-0EFA9821CEEF}"
EndProject
Project("{8BC9CEB8-8B4A-11D0-8D11-00A0C91BC942}") = "exercise-7.2.1.1", "exercise-7.2.1.1\exercise-7.2.1.1.vcxproj", "{ADA95A58-FE0E-47EC-ABA1-DD43A46CD006}"
EndProject
Project("{8BC9CEB8-8B4A-11D0-8D11-00A0C91BC942}") = "exercise-7.2.2.1", "exercise-7.2.2.1\exercise-7.2.2.1.vcxproj", "{79FAEC7E-F037-4595-AA0E-D16AF15B9AC6}"
EndProject
Global
	GlobalSection(SolutionConfigurationPlatforms) = preSolution
		Debug|x64 = Debug|x64
		Debug|x86 = Debug|x86
		Release|x64 = Release|x64
		Release|x86 = Release|x86
	EndGlobalSection
	GlobalSection(ProjectConfigurationPlatforms) = postSolution
		{009BC25C-E585-4BD6-A156-9D6B40BADFBF}.Debug|x64.ActiveCfg = Debug|x64
		{009BC25C-E585-4BD6-A156-9D6B40BADFBF}.Debug|x64.Build.0 = Debug|x64
		{009BC25C-E585-4BD6-A156-9D6B40BADFBF}.Debug|x86.ActiveCfg = Debug|Win32
		{009BC25C-E585-4BD6-A156-9D6B40BADFBF}.Debug|x86.Build.0 = Debug|Win32
		{009BC25C-E585-4BD6-A156-9D6B40BADFBF}.Release|x64.ActiveCfg = Release|x64
		{009BC25C-E585-4BD6-A156-9D6B40BADFBF}.Release|x64.Build.0 = Release|x64
		{009BC25C-E585-4BD6-A156-9D6B40BADFBF}.Release|x86.ActiveCfg = Release|Win32
		{009BC25C-E585-4BD6-A156-9D6B40BADFBF}.Release|x86.Build.0 = Release|Win32
		{54CB2061-F0FD-46F9-B254-25A69F18B6AD}.Debug|x64.ActiveCfg = Debug|x64
		{54CB2061-F0FD-46F9-B254-25A69F18B6AD}.Debug|x64.Build.0 = Debug|x64
		{54CB2061-F0FD-46F9-B254-25A69F18B6AD}.Debug|x86.ActiveCfg = Debug|Win32
		{54CB2061-F0FD-46F9-B254-25A69F18B6AD}.Debug|x86.Build.0 = Debug|Win32
		{54CB2061-F0FD-46F9-B254-25A69F18B6AD}.Release|x64.ActiveCfg = Release|x64
		{54CB2061-F0FD-46F9-B254-25A69F18B6AD}.Release|x64.Build.0 = Release|x64
		{54CB2061-F0FD-46F9-B254-25A69F18B6AD}.Release|x86.ActiveCfg = Release|Win32
		{54CB2061-F0FD-46F9-B254-25A69F18B6AD}.Release|x86.Build.0 = Release|Win32
		{41E59C4F-76D3-48A2-B7FD-0EFA9821CEEF}.Debug|x64.ActiveCfg = Debug|x64
		{41E59C4F-76D3-48A2-B7FD-0EFA9821CEEF}.Debug|x64.Build.0 = Debug|x64
		{41E59C4F-76D3-48A2-B7FD-0EFA9821CEEF}.Debug|x86.ActiveCfg = Debug|Win32
		{41E59C4F-76D3-48A2-B7FD-0EFA9821CEEF}.Debug|x86.Build.0 = Debug|Win32
		{41E59C4F-76D3-48A2-B7FD-0EFA9821CEEF}.Release|x64.ActiveCfg = Release|x64
		{41E59C4F-76D3-48A2-B7FD-0EFA9821CEEF}.Release|x64.Build.0 = Release|x64
		{41E59C4F-76D3-48A2-B7FD-0EFA9821CEEF}.Release|x86.ActiveCfg = Release|Win32
		{41E59C4F-76D3-48A2-B7FD-0EFA9821CEEF}.Release|x86.Build.0 = Release|Win32
		{ADA95A58-FE0E-47EC-ABA1-DD43A46CD006}.Debug|x64.ActiveCfg = Debug|x64
		{ADA95A58-FE0E-47EC-ABA1-DD43A46CD006}.Debug|x64.Build.0 = Debug|x64
		{ADA95A58-FE0E-47EC-ABA1-DD43A46CD006}.Debug|x86.ActiveCfg = Debug|Win32
		{ADA95A58-FE0E-47EC-ABA1-DD43A46CD006}.Debug|x86.Build.0 = Debug|Win32
		{ADA95A58-FE0E-47EC-ABA1-DD43A46CD006}.Release|x64.ActiveCfg = Release|x64
		{ADA95A58-FE0E-47EC-ABA1-DD43A46CD006}.Release|x64.Build.0 = Release|x64
		{ADA95A58-FE0E-47EC-ABA1-DD43A46CD006}.Release|x86.ActiveCfg = Release|Win32
		{ADA95A58-FE0E-47EC-ABA1-DD43A46CD006}.Release|x86.Build.0 = Release|Win32
		{79FAEC7E-F037-4595-AA0E-D16AF15B9AC6}.Debug|x64.ActiveCfg = Debug|x64
		{79FAEC7E-F037-4595-AA0E-D16AF15B9AC6}.Debug|x64.Build.0 = Debug|x64
		{79FAEC7E-F037-4595-AA0E-D16AF15B9AC6}.Debug|x86.ActiveCfg = Debug|Win32
		{79FAEC7E-F037-4595-AA0E-D16AF15B9AC6}.Debug|x86.Build.0 = Debug|Win32
		{79FAEC7E-F037-4595-AA0E-D16AF15B9AC6}.Release|x64.ActiveCfg = Release|x64
		{79FAEC7E-F037-4595-AA0E-D16AF15B9AC6}.Release|x64.Build.0 = Release|x64
		{79FAEC7E-F037-4595-AA0E-D16AF15B9AC6}.Release|x86.ActiveCfg = Release|Win32
		{79FAEC7E-F037-4595-AA0E-D16AF15B9AC6}.Release|x86.Build.0 = Release|Win32
	EndGlobalSection
	GlobalSection(SolutionProperties) = preSolution
		HideSolutionNode = FALSE
	EndGlobalSection
	GlobalSection(ExtensibilityGlobals) = postSolution
		SolutionGuid = {62AAB6E5-38A5-416E-8DAA-B77876B639BB}
	EndGlobalSection
EndGlobal
